<Solution>
  <Project Path="Demo05Operateurs/Demo05Operateurs.csproj" />
  <Project Path="Demo06StructuresIteratives/Demo06StructuresIteratives.csproj" />
  <Project Path="Demo07Tableaux/Demo07Tableaux.csproj" Id="ec84ab23-0496-46c0-ade1-e8725750de1e" />
  <Project Path="Demo08TableauxMulti/Demo08TableauxMulti.csproj" Id="eb2cecc3-cd1e-406b-bd36-1beeff5e48a5" />
  <Project Path="ExercicePage134B/ExercicePage134B.csproj" />
  <Project Path="ExercicePage144A/ExercicePage144A.csproj" />
  <Project Path="ExercicePage144B/ExercicePage144B.csproj" />
  <Project Path="ExercicePage144C/ExercicePage144C.csproj" />
  <Project Path="ExercicePage144D/ExercicePage144D.csproj" Id="7c5da8e8-bcc6-4dcb-b8b9-4e2c1136e6c9" />
  <Project Path="ExercicePage144E/ExercicePage144E.csproj" Id="1a7cf24a-b8d0-4b45-bfa9-6bfae062187d" />
</Solution>
