<Solution>
  <Project Path="Demo05Operateurs/Demo05Operateurs.csproj" />
  <Project Path="Demo06StructuresIteratives/Demo06StructuresIteratives.csproj" />
  <Project Path="ExercicePage134B/ExercicePage134B.csproj" />
  <Project Path="ExercicePage144A/ExercicePage144A.csproj" />
  <Project Path="ExercicePage144B/ExercicePage144B.csproj" />
  <Project Path="ExercicePage144C/ExercicePage144C.csproj" />
  <Project Path="ExercicePage144D/ExercicePage144D.csproj" Id="7c5da8e8-bcc6-4dcb-b8b9-4e2c1136e6c9" />
</Solution>
